
Microsoft Visual Studio Solution File, Format Version 12.00
# Visual Studio Version 17
VisualStudioVersion = 17.9.34701.34
MinimumVisualStudioVersion = 10.0.40219.1
Project("{FAE04EC0-301F-11D3-BF4B-00C04F79EFBC}") = "ElektroWasserer.Web", "ElektroWasserer.Web\ElektroWasserer.Web.csproj", "{7F4F7921-6198-46EB-BD18-3527942B6C7C}"
EndProject
Global
	GlobalSection(SolutionConfigurationPlatforms) = preSolution
		Debug|Any CPU = Debug|Any CPU
		Release|Any CPU = Release|Any CPU
	EndGlobalSection
	GlobalSection(ProjectConfigurationPlatforms) = postSolution
		{7F4F7921-6198-46EB-BD18-3527942B6C7C}.Debug|Any CPU.ActiveCfg = Debug|Any CPU
		{7F4F7921-6198-46EB-BD18-3527942B6C7C}.Debug|Any CPU.Build.0 = Debug|Any CPU
		{7F4F7921-6198-46EB-BD18-3527942B6C7C}.Release|Any CPU.ActiveCfg = Release|Any CPU
		{7F4F7921-6198-46EB-BD18-3527942B6C7C}.Release|Any CPU.Build.0 = Release|Any CPU
	EndGlobalSection
	GlobalSection(SolutionProperties) = preSolution
		HideSolutionNode = FALSE
	EndGlobalSection
	GlobalSection(ExtensibilityGlobals) = postSolution
		SolutionGuid = {D3C5BBC0-96A7-48A3-8F98-927708835E0B}
	EndGlobalSection
EndGlobal
